
Microsoft Visual Studio Solution File, Format Version 12.00
# Visual Studio Version 17
VisualStudioVersion = 17.0.32014.148
MinimumVisualStudioVersion = 10.0.40219.1
Project("{FAE04EC0-301F-11D3-BF4B-00C04F79EFBC}") = "Time converter program", "Time converter program\Time converter program.csproj", "{65D5ACB5-CC8E-460E-93AC-925E5D86B654}"
EndProject
Global
	GlobalSection(SolutionConfigurationPlatforms) = preSolution
		Debug|Any CPU = Debug|Any CPU
		Release|Any CPU = Release|Any CPU
	EndGlobalSection
	GlobalSection(ProjectConfigurationPlatforms) = postSolution
		{65D5ACB5-CC8E-460E-93AC-925E5D86B654}.Debug|Any CPU.ActiveCfg = Debug|Any CPU
		{65D5ACB5-CC8E-460E-93AC-925E5D86B654}.Debug|Any CPU.Build.0 = Debug|Any CPU
		{65D5ACB5-CC8E-460E-93AC-925E5D86B654}.Release|Any CPU.ActiveCfg = Release|Any CPU
		{65D5ACB5-CC8E-460E-93AC-925E5D86B654}.Release|Any CPU.Build.0 = Release|Any CPU
	EndGlobalSection
	GlobalSection(SolutionProperties) = preSolution
		HideSolutionNode = FALSE
	EndGlobalSection
	GlobalSection(ExtensibilityGlobals) = postSolution
		SolutionGuid = {196C904C-CAA2-471E-A326-F238A7493590}
	EndGlobalSection
EndGlobal
